
Microsoft Visual Studio Solution File, Format Version 12.00
# Visual Studio Version 17
VisualStudioVersion = 17.0.32126.317
MinimumVisualStudioVersion = 10.0.40219.1
Project("{8BC9CEB8-8B4A-11D0-8D11-00A0C91BC942}") = "Bibliotheques", "Bibliotheques\Bibliotheques.vcxproj", "{E0AB03FE-EB7A-4397-BDB0-C44AC1EB37C6}"
EndProject
Project("{8BC9CEB8-8B4A-11D0-8D11-00A0C91BC942}") = "Exe_DynLink", "Exe_DynLink\Exe_DynLink.vcxproj", "{9357D121-F147-48B6-A297-9D996EC2C8A7}"
EndProject
Project("{8BC9CEB8-8B4A-11D0-8D11-00A0C91BC942}") = "Exe_DynLoad", "Exe_DynLoad\Exe_DynLoad.vcxproj", "{08137237-DC14-4C24-9288-B9862FFC0EE1}"
EndProject
Global
	GlobalSection(SolutionConfigurationPlatforms) = preSolution
		Debug|x64 = Debug|x64
		Debug|x86 = Debug|x86
		Release|x64 = Release|x64
		Release|x86 = Release|x86
	EndGlobalSection
	GlobalSection(ProjectConfigurationPlatforms) = postSolution
		{E0AB03FE-EB7A-4397-BDB0-C44AC1EB37C6}.Debug|x64.ActiveCfg = Debug|x64
		{E0AB03FE-EB7A-4397-BDB0-C44AC1EB37C6}.Debug|x64.Build.0 = Debug|x64
		{E0AB03FE-EB7A-4397-BDB0-C44AC1EB37C6}.Debug|x86.ActiveCfg = Debug|Win32
		{E0AB03FE-EB7A-4397-BDB0-C44AC1EB37C6}.Debug|x86.Build.0 = Debug|Win32
		{E0AB03FE-EB7A-4397-BDB0-C44AC1EB37C6}.Release|x64.ActiveCfg = Release|x64
		{E0AB03FE-EB7A-4397-BDB0-C44AC1EB37C6}.Release|x64.Build.0 = Release|x64
		{E0AB03FE-EB7A-4397-BDB0-C44AC1EB37C6}.Release|x86.ActiveCfg = Release|Win32
		{E0AB03FE-EB7A-4397-BDB0-C44AC1EB37C6}.Release|x86.Build.0 = Release|Win32
		{9357D121-F147-48B6-A297-9D996EC2C8A7}.Debug|x64.ActiveCfg = Debug|x64
		{9357D121-F147-48B6-A297-9D996EC2C8A7}.Debug|x64.Build.0 = Debug|x64
		{9357D121-F147-48B6-A297-9D996EC2C8A7}.Debug|x86.ActiveCfg = Debug|Win32
		{9357D121-F147-48B6-A297-9D996EC2C8A7}.Debug|x86.Build.0 = Debug|Win32
		{9357D121-F147-48B6-A297-9D996EC2C8A7}.Release|x64.ActiveCfg = Release|x64
		{9357D121-F147-48B6-A297-9D996EC2C8A7}.Release|x64.Build.0 = Release|x64
		{9357D121-F147-48B6-A297-9D996EC2C8A7}.Release|x86.ActiveCfg = Release|Win32
		{9357D121-F147-48B6-A297-9D996EC2C8A7}.Release|x86.Build.0 = Release|Win32
		{08137237-DC14-4C24-9288-B9862FFC0EE1}.Debug|x64.ActiveCfg = Debug|x64
		{08137237-DC14-4C24-9288-B9862FFC0EE1}.Debug|x64.Build.0 = Debug|x64
		{08137237-DC14-4C24-9288-B9862FFC0EE1}.Debug|x86.ActiveCfg = Debug|Win32
		{08137237-DC14-4C24-9288-B9862FFC0EE1}.Debug|x86.Build.0 = Debug|Win32
		{08137237-DC14-4C24-9288-B9862FFC0EE1}.Release|x64.ActiveCfg = Release|x64
		{08137237-DC14-4C24-9288-B9862FFC0EE1}.Release|x64.Build.0 = Release|x64
		{08137237-DC14-4C24-9288-B9862FFC0EE1}.Release|x86.ActiveCfg = Release|Win32
		{08137237-DC14-4C24-9288-B9862FFC0EE1}.Release|x86.Build.0 = Release|Win32
	EndGlobalSection
	GlobalSection(SolutionProperties) = preSolution
		HideSolutionNode = FALSE
	EndGlobalSection
	GlobalSection(ExtensibilityGlobals) = postSolution
		SolutionGuid = {A67B3C8B-B2BD-49AE-9242-FC323F0B14FB}
	EndGlobalSection
EndGlobal
